
Microsoft Visual Studio Solution File, Format Version 12.00
# Visual Studio 15
VisualStudioVersion = 15.0.27703.2026
MinimumVisualStudioVersion = 10.0.40219.1
Project("{FAE04EC0-301F-11D3-BF4B-00C04F79EFBC}") = "Weather", "weather\Weather.csproj", "{3514B223-00C8-4F4C-81F0-3AF568F83B59}"
EndProject
Global
	GlobalSection(SolutionConfigurationPlatforms) = preSolution
		Debug|Any CPU = Debug|Any CPU
		Release|Any CPU = Release|Any CPU
	EndGlobalSection
	GlobalSection(ProjectConfigurationPlatforms) = postSolution
		{3514B223-00C8-4F4C-81F0-3AF568F83B59}.Debug|Any CPU.ActiveCfg = Debug|Any CPU
		{3514B223-00C8-4F4C-81F0-3AF568F83B59}.Debug|Any CPU.Build.0 = Debug|Any CPU
		{3514B223-00C8-4F4C-81F0-3AF568F83B59}.Release|Any CPU.ActiveCfg = Release|Any CPU
		{3514B223-00C8-4F4C-81F0-3AF568F83B59}.Release|Any CPU.Build.0 = Release|Any CPU
	EndGlobalSection
	GlobalSection(SolutionProperties) = preSolution
		HideSolutionNode = FALSE
	EndGlobalSection
	GlobalSection(ExtensibilityGlobals) = postSolution
		SolutionGuid = {AF35619F-B872-4BBF-9DE3-A5C299CB7202}
	EndGlobalSection
EndGlobal
